// !$*UTF8*$!
{
	archiveVersion = 1;
	classes = {
	};
	objectVersion = 56;
	objects = {

/* Begin PBXBuildFile section */
		3E7362F72AE7A74A009E4CAB /* BookSummarizerApp.swift in Sources */ = {isa = PBXBuildFile; fileRef = 3E7362F62AE7A74A009E4CAB /* BookSummarizerApp.swift */; };
		3E7362F92AE7A74A009E4CAB /* ContentView.swift in Sources */ = {isa = PBXBuildFile; fileRef = 3E7362F82AE7A74A009E4CAB /* ContentView.swift */; };
		3E7362FB2AE7A74C009E4CAB /* Assets.xcassets in Resources */ = {isa = PBXBuildFile; fileRef = 3E7362FA2AE7A74C009E4CAB /* Assets.xcassets */; };
		3E7362FE2AE7A74C009E4CAB /* Preview Assets.xcassets in Resources */ = {isa = PBXBuildFile; fileRef = 3E7362FD2AE7A74C009E4CAB /* Preview Assets.xcassets */; };
		3E7363082AE7A74C009E4CAB /* BookSummarizerTests.swift in Sources */ = {isa = PBXBuildFile; fileRef = 3E7363072AE7A74C009E4CAB /* BookSummarizerTests.swift */; };
		3E7363122AE7A74C009E4CAB /* BookSummarizerUITests.swift in Sources */ = {isa = PBXBuildFile; fileRef = 3E7363112AE7A74C009E4CAB /* BookSummarizerUITests.swift */; };
		3E7363142AE7A74C009E4CAB /* BookSummarizerUITestsLaunchTests.swift in Sources */ = {isa = PBXBuildFile; fileRef = 3E7363132AE7A74C009E4CAB /* BookSummarizerUITestsLaunchTests.swift */; };
/* End PBXBuildFile section */

/* Begin PBXContainerItemProxy section */
		3E7363042AE7A74C009E4CAB /* PBXContainerItemProxy */ = {
			isa = PBXContainerItemProxy;
			containerPortal = 3E7362EB2AE7A74A009E4CAB /* Project object */;
			proxyType = 1;
			remoteGlobalIDString = 3E7362F22AE7A74A009E4CAB;
			remoteInfo = BookSummarizer;
		};
		3E73630E2AE7A74C009E4CAB /* PBXContainerItemProxy */ = {
			isa = PBXContainerItemProxy;
			containerPortal = 3E7362EB2AE7A74A009E4CAB /* Project object */;
			proxyType = 1;
			remoteGlobalIDString = 3E7362F22AE7A74A009E4CAB;
			remoteInfo = BookSummarizer;
		};
/* End PBXContainerItemProxy section */

/* Begin PBXFileReference section */
		3E7362F32AE7A74A009E4CAB /* BookSummarizer.app */ = {isa = PBXFileReference; explicitFileType = wrapper.application; includeInIndex = 0; path = BookSummarizer.app; sourceTree = BUILT_PRODUCTS_DIR; };
		3E7362F62AE7A74A009E4CAB /* BookSummarizerApp.swift */ = {isa = PBXFileReference; lastKnownFileType = sourcecode.swift; path = BookSummarizerApp.swift; sourceTree = "<group>"; };
		3E7362F82AE7A74A009E4CAB /* ContentView.swift */ = {isa = PBXFileReference; lastKnownFileType = sourcecode.swift; path = ContentView.swift; sourceTree = "<group>"; };
		3E7362FA2AE7A74C009E4CAB /* Assets.xcassets */ = {isa = PBXFileReference; lastKnownFileType = folder.assetcatalog; path = Assets.xcassets; sourceTree = "<group>"; };
		3E7362FD2AE7A74C009E4CAB /* Preview Assets.xcassets */ = {isa = PBXFileReference; lastKnownFileType = folder.assetcatalog; path = "Preview Assets.xcassets"; sourceTree = "<group>"; };
		3E7363032AE7A74C009E4CAB /* BookSummarizerTests.xctest */ = {isa = PBXFileReference; explicitFileType = wrapper.cfbundle; includeInIndex = 0; path = BookSummarizerTests.xctest; sourceTree = BUILT_PRODUCTS_DIR; };
		3E7363072AE7A74C009E4CAB /* BookSummarizerTests.swift */ = {isa = PBXFileReference; lastKnownFileType = sourcecode.swift; path = BookSummarizerTests.swift; sourceTree = "<group>"; };
		3E73630D2AE7A74C009E4CAB /* BookSummarizerUITests.xctest */ = {isa = PBXFileReference; explicitFileType = wrapper.cfbundle; includeInIndex = 0; path = BookSummarizerUITests.xctest; sourceTree = BUILT_PRODUCTS_DIR; };
		3E7363112AE7A74C009E4CAB /* BookSummarizerUITests.swift */ = {isa = PBXFileReference; lastKnownFileType = sourcecode.swift; path = BookSummarizerUITests.swift; sourceTree = "<group>"; };
		3E7363132AE7A74C009E4CAB /* BookSummarizerUITestsLaunchTests.swift */ = {isa = PBXFileReference; lastKnownFileType = sourcecode.swift; path = BookSummarizerUITestsLaunchTests.swift; sourceTree = "<group>"; };
/* End PBXFileReference section */

/* Begin PBXFrameworksBuildPhase section */
		3E7362F02AE7A74A009E4CAB /* Frameworks */ = {
			isa = PBXFrameworksBuildPhase;
			buildActionMask = 2147483647;
			files = (
			);
			runOnlyForDeploymentPostprocessing = 0;
		};
		3E7363002AE7A74C009E4CAB /* Frameworks */ = {
			isa = PBXFrameworksBuildPhase;
			buildActionMask = 2147483647;
			files = (
			);
			runOnlyForDeploymentPostprocessing = 0;
		};
		3E73630A2AE7A74C009E4CAB /* Frameworks */ = {
			isa = PBXFrameworksBuildPhase;
			buildActionMask = 2147483647;
			files = (
			);
			runOnlyForDeploymentPostprocessing = 0;
		};
/* End PBXFrameworksBuildPhase section */

/* Begin PBXGroup section */
		3E7362EA2AE7A74A009E4CAB = {
			isa = PBXGroup;
			children = (
				3E7362F52AE7A74A009E4CAB /* BookSummarizer */,
				3E7363062AE7A74C009E4CAB /* BookSummarizerTests */,
				3E7363102AE7A74C009E4CAB /* BookSummarizerUITests */,
				3E7362F42AE7A74A009E4CAB /* Products */,
			);
			sourceTree = "<group>";
		};
		3E7362F42AE7A74A009E4CAB /* Products */ = {
			isa = PBXGroup;
			children = (
				3E7362F32AE7A74A009E4CAB /* BookSummarizer.app */,
				3E7363032AE7A74C009E4CAB /* BookSummarizerTests.xctest */,
				3E73630D2AE7A74C009E4CAB /* BookSummarizerUITests.xctest */,
			);
			name = Products;
			sourceTree = "<group>";
		};
		3E7362F52AE7A74A009E4CAB /* BookSummarizer */ = {
			isa = PBXGroup;
			children = (
				3E7362F62AE7A74A009E4CAB /* BookSummarizerApp.swift */,
				3E7362F82AE7A74A009E4CAB /* ContentView.swift */,
				3E7362FA2AE7A74C009E4CAB /* Assets.xcassets */,
				3E7362FC2AE7A74C009E4CAB /* Preview Content */,
			);
			path = BookSummarizer;
			sourceTree = "<group>";
		};
		3E7362FC2AE7A74C009E4CAB /* Preview Content */ = {
			isa = PBXGroup;
			children = (
				3E7362FD2AE7A74C009E4CAB /* Preview Assets.xcassets */,
			);
			path = "Preview Content";
			sourceTree = "<group>";
		};
		3E7363062AE7A74C009E4CAB /* BookSummarizerTests */ = {
			isa = PBXGroup;
			children = (
				3E7363072AE7A74C009E4CAB /* BookSummarizerTests.swift */,
			);
			path = BookSummarizerTests;
			sourceTree = "<group>";
		};
		3E7363102AE7A74C009E4CAB /* BookSummarizerUITests */ = {
			isa = PBXGroup;
			children = (
				3E7363112AE7A74C009E4CAB /* BookSummarizerUITests.swift */,
				3E7363132AE7A74C009E4CAB /* BookSummarizerUITestsLaunchTests.swift */,
			);
			path = BookSummarizerUITests;
			sourceTree = "<group>";
		};
/* End PBXGroup section */

/* Begin PBXNativeTarget section */
		3E7362F22AE7A74A009E4CAB /* BookSummarizer */ = {
			isa = PBXNativeTarget;
			buildConfigurationList = 3E7363172AE7A74C009E4CAB /* Build configuration list for PBXNativeTarget "BookSummarizer" */;
			buildPhases = (
				3E7362EF2AE7A74A009E4CAB /* Sources */,
				3E7362F02AE7A74A009E4CAB /* Frameworks */,
				3E7362F12AE7A74A009E4CAB /* Resources */,
			);
			buildRules = (
			);
			dependencies = (
			);
			name = BookSummarizer;
			productName = BookSummarizer;
			productReference = 3E7362F32AE7A74A009E4CAB /* BookSummarizer.app */;
			productType = "com.apple.product-type.application";
		};
		3E7363022AE7A74C009E4CAB /* BookSummarizerTests */ = {
			isa = PBXNativeTarget;
			buildConfigurationList = 3E73631A2AE7A74C009E4CAB /* Build configuration list for PBXNativeTarget "BookSummarizerTests" */;
			buildPhases = (
				3E7362FF2AE7A74C009E4CAB /* Sources */,
				3E7363002AE7A74C009E4CAB /* Frameworks */,
				3E7363012AE7A74C009E4CAB /* Resources */,
			);
			buildRules = (
			);
			dependencies = (
				3E7363052AE7A74C009E4CAB /* PBXTargetDependency */,
			);
			name = BookSummarizerTests;
			productName = BookSummarizerTests;
			productReference = 3E7363032AE7A74C009E4CAB /* BookSummarizerTests.xctest */;
			productType = "com.apple.product-type.bundle.unit-test";
		};
		3E73630C2AE7A74C009E4CAB /* BookSummarizerUITests */ = {
			isa = PBXNativeTarget;
			buildConfigurationList = 3E73631D2AE7A74C009E4CAB /* Build configuration list for PBXNativeTarget "BookSummarizerUITests" */;
			buildPhases = (
				3E7363092AE7A74C009E4CAB /* Sources */,
				3E73630A2AE7A74C009E4CAB /* Frameworks */,
				3E73630B2AE7A74C009E4CAB /* Resources */,
			);
			buildRules = (
			);
			dependencies = (
				3E73630F2AE7A74C009E4CAB /* PBXTargetDependency */,
			);
			name = BookSummarizerUITests;
			productName = BookSummarizerUITests;
			productReference = 3E73630D2AE7A74C009E4CAB /* BookSummarizerUITests.xctest */;
			productType = "com.apple.product-type.bundle.ui-testing";
		};
/* End PBXNativeTarget section */

/* Begin PBXProject section */
		3E7362EB2AE7A74A009E4CAB /* Project object */ = {
			isa = PBXProject;
			attributes = {
				BuildIndependentTargetsInParallel = 1;
				LastSwiftUpdateCheck = 1500;
				LastUpgradeCheck = 1500;
				TargetAttributes = {
					3E7362F22AE7A74A009E4CAB = {
						CreatedOnToolsVersion = 15.0.1;
					};
					3E7363022AE7A74C009E4CAB = {
						CreatedOnToolsVersion = 15.0.1;
						TestTargetID = 3E7362F22AE7A74A009E4CAB;
					};
					3E73630C2AE7A74C009E4CAB = {
						CreatedOnToolsVersion = 15.0.1;
						TestTargetID = 3E7362F22AE7A74A009E4CAB;
					};
				};
			};
			buildConfigurationList = 3E7362EE2AE7A74A009E4CAB /* Build configuration list for PBXProject "BookSummarizer" */;
			compatibilityVersion = "Xcode 14.0";
			developmentRegion = en;
			hasScannedForEncodings = 0;
			knownRegions = (
				en,
				Base,
			);
			mainGroup = 3E7362EA2AE7A74A009E4CAB;
			productRefGroup = 3E7362F42AE7A74A009E4CAB /* Products */;
			projectDirPath = "";
			projectRoot = "";
			targets = (
				3E7362F22AE7A74A009E4CAB /* BookSummarizer */,
				3E7363022AE7A74C009E4CAB /* BookSummarizerTests */,
				3E73630C2AE7A74C009E4CAB /* BookSummarizerUITests */,
			);
		};
/* End PBXProject section */

/* Begin PBXResourcesBuildPhase section */
		3E7362F12AE7A74A009E4CAB /* Resources */ = {
			isa = PBXResourcesBuildPhase;
			buildActionMask = 2147483647;
			files = (
				3E7362FE2AE7A74C009E4CAB /* Preview Assets.xcassets in Resources */,
				3E7362FB2AE7A74C009E4CAB /* Assets.xcassets in Resources */,
			);
			runOnlyForDeploymentPostprocessing = 0;
		};
		3E7363012AE7A74C009E4CAB /* Resources */ = {
			isa = PBXResourcesBuildPhase;
			buildActionMask = 2147483647;
			files = (
			);
			runOnlyForDeploymentPostprocessing = 0;
		};
		3E73630B2AE7A74C009E4CAB /* Resources */ = {
			isa = PBXResourcesBuildPhase;
			buildActionMask = 2147483647;
			files = (
			);
			runOnlyForDeploymentPostprocessing = 0;
		};
/* End PBXResourcesBuildPhase section */

/* Begin PBXSourcesBuildPhase section */
		3E7362EF2AE7A74A009E4CAB /* Sources */ = {
			isa = PBXSourcesBuildPhase;
			buildActionMask = 2147483647;
			files = (
				3E7362F92AE7A74A009E4CAB /* ContentView.swift in Sources */,
				3E7362F72AE7A74A009E4CAB /* BookSummarizerApp.swift in Sources */,
			);
			runOnlyForDeploymentPostprocessing = 0;
		};
		3E7362FF2AE7A74C009E4CAB /* Sources */ = {
			isa = PBXSourcesBuildPhase;
			buildActionMask = 2147483647;
			files = (
				3E7363082AE7A74C009E4CAB /* BookSummarizerTests.swift in Sources */,
			);
			runOnlyForDeploymentPostprocessing = 0;
		};
		3E7363092AE7A74C009E4CAB /* Sources */ = {
			isa = PBXSourcesBuildPhase;
			buildActionMask = 2147483647;
			files = (
				3E7363142AE7A74C009E4CAB /* BookSummarizerUITestsLaunchTests.swift in Sources */,
				3E7363122AE7A74C009E4CAB /* BookSummarizerUITests.swift in Sources */,
			);
			runOnlyForDeploymentPostprocessing = 0;
		};
/* End PBXSourcesBuildPhase section */

/* Begin PBXTargetDependency section */
		3E7363052AE7A74C009E4CAB /* PBXTargetDependency */ = {
			isa = PBXTargetDependency;
			target = 3E7362F22AE7A74A009E4CAB /* BookSummarizer */;
			targetProxy = 3E7363042AE7A74C009E4CAB /* PBXContainerItemProxy */;
		};
		3E73630F2AE7A74C009E4CAB /* PBXTargetDependency */ = {
			isa = PBXTargetDependency;
			target = 3E7362F22AE7A74A009E4CAB /* BookSummarizer */;
			targetProxy = 3E73630E2AE7A74C009E4CAB /* PBXContainerItemProxy */;
		};
/* End PBXTargetDependency section */

/* Begin XCBuildConfiguration section */
		3E7363152AE7A74C009E4CAB /* Debug */ = {
			isa = XCBuildConfiguration;
			buildSettings = {
				ALWAYS_SEARCH_USER_PATHS = NO;
				ASSETCATALOG_COMPILER_GENERATE_SWIFT_ASSET_SYMBOL_EXTENSIONS = YES;
				CLANG_ANALYZER_NONNULL = YES;
				CLANG_ANALYZER_NUMBER_OBJECT_CONVERSION = YES_AGGRESSIVE;
				CLANG_CXX_LANGUAGE_STANDARD = "gnu++20";
				CLANG_ENABLE_MODULES = YES;
				CLANG_ENABLE_OBJC_ARC = YES;
				CLANG_ENABLE_OBJC_WEAK = YES;
				CLANG_WARN_BLOCK_CAPTURE_AUTORELEASING = YES;
				CLANG_WARN_BOOL_CONVERSION = YES;
				CLANG_WARN_COMMA = YES;
				CLANG_WARN_CONSTANT_CONVERSION = YES;
				CLANG_WARN_DEPRECATED_OBJC_IMPLEMENTATIONS = YES;
				CLANG_WARN_DIRECT_OBJC_ISA_USAGE = YES_ERROR;
				CLANG_WARN_DOCUMENTATION_COMMENTS = YES;
				CLANG_WARN_EMPTY_BODY = YES;
				CLANG_WARN_ENUM_CONVERSION = YES;
				CLANG_WARN_INFINITE_RECURSION = YES;
				CLANG_WARN_INT_CONVERSION = YES;
				CLANG_WARN_NON_LITERAL_NULL_CONVERSION = YES;
				CLANG_WARN_OBJC_IMPLICIT_RETAIN_SELF = YES;
				CLANG_WARN_OBJC_LITERAL_CONVERSION = YES;
				CLANG_WARN_OBJC_ROOT_CLASS = YES_ERROR;
				CLANG_WARN_QUOTED_INCLUDE_IN_FRAMEWORK_HEADER = YES;
				CLANG_WARN_RANGE_LOOP_ANALYSIS = YES;
				CLANG_WARN_STRICT_PROTOTYPES = YES;
				CLANG_WARN_SUSPICIOUS_MOVE = YES;
				CLANG_WARN_UNGUARDED_AVAILABILITY = YES_AGGRESSIVE;
				CLANG_WARN_UNREACHABLE_CODE = YES;
				CLANG_WARN__DUPLICATE_METHOD_MATCH = YES;
				COPY_PHASE_STRIP = NO;
				DEBUG_INFORMATION_FORMAT = dwarf;
				ENABLE_STRICT_OBJC_MSGSEND = YES;
				ENABLE_TESTABILITY = YES;
				ENABLE_USER_SCRIPT_SANDBOXING = YES;
				GCC_C_LANGUAGE_STANDARD = gnu17;
				GCC_DYNAMIC_NO_PIC = NO;
				GCC_NO_COMMON_BLOCKS = YES;
				GCC_OPTIMIZATION_LEVEL = 0;
				GCC_PREPROCESSOR_DEFINITIONS = (
					"DEBUG=1",
					"$(inherited)",
				);
				GCC_WARN_64_TO_32_BIT_CONVERSION = YES;
				GCC_WARN_ABOUT_RETURN_TYPE = YES_ERROR;
				GCC_WARN_UNDECLARED_SELECTOR = YES;
				GCC_WARN_UNINITIALIZED_AUTOS = YES_AGGRESSIVE;
				GCC_WARN_UNUSED_FUNCTION = YES;
				GCC_WARN_UNUSED_VARIABLE = YES;
				IPHONEOS_DEPLOYMENT_TARGET = 17.0;
				LOCALIZATION_PREFERS_STRING_CATALOGS = YES;
				MTL_ENABLE_DEBUG_INFO = INCLUDE_SOURCE;
				MTL_FAST_MATH = YES;
				ONLY_ACTIVE_ARCH = YES;
				SDKROOT = iphoneos;
				SWIFT_ACTIVE_COMPILATION_CONDITIONS = "DEBUG $(inherited)";
				SWIFT_OPTIMIZATION_LEVEL = "-Onone";
			};
			name = Debug;
		};
		3E7363162AE7A74C009E4CAB /* Release */ = {
			isa = XCBuildConfiguration;
			buildSettings = {
				ALWAYS_SEARCH_USER_PATHS = NO;
				ASSETCATALOG_COMPILER_GENERATE_SWIFT_ASSET_SYMBOL_EXTENSIONS = YES;
				CLANG_ANALYZER_NONNULL = YES;
				CLANG_ANALYZER_NUMBER_OBJECT_CONVERSION = YES_AGGRESSIVE;
				CLANG_CXX_LANGUAGE_STANDARD = "gnu++20";
				CLANG_ENABLE_MODULES = YES;
				CLANG_ENABLE_OBJC_ARC = YES;
				CLANG_ENABLE_OBJC_WEAK = YES;
				CLANG_WARN_BLOCK_CAPTURE_AUTORELEASING = YES;
				CLANG_WARN_BOOL_CONVERSION = YES;
				CLANG_WARN_COMMA = YES;
				CLANG_WARN_CONSTANT_CONVERSION = YES;
				CLANG_WARN_DEPRECATED_OBJC_IMPLEMENTATIONS = YES;
				CLANG_WARN_DIRECT_OBJC_ISA_USAGE = YES_ERROR;
				CLANG_WARN_DOCUMENTATION_COMMENTS = YES;
				CLANG_WARN_EMPTY_BODY = YES;
				CLANG_WARN_ENUM_CONVERSION = YES;
				CLANG_WARN_INFINITE_RECURSION = YES;
				CLANG_WARN_INT_CONVERSION = YES;
				CLANG_WARN_NON_LITERAL_NULL_CONVERSION = YES;
				CLANG_WARN_OBJC_IMPLICIT_RETAIN_SELF = YES;
				CLANG_WARN_OBJC_LITERAL_CONVERSION = YES;
				CLANG_WARN_OBJC_ROOT_CLASS = YES_ERROR;
				CLANG_WARN_QUOTED_INCLUDE_IN_FRAMEWORK_HEADER = YES;
				CLANG_WARN_RANGE_LOOP_ANALYSIS = YES;
				CLANG_WARN_STRICT_PROTOTYPES = YES;
				CLANG_WARN_SUSPICIOUS_MOVE = YES;
				CLANG_WARN_UNGUARDED_AVAILABILITY = YES_AGGRESSIVE;
				CLANG_WARN_UNREACHABLE_CODE = YES;
				CLANG_WARN__DUPLICATE_METHOD_MATCH = YES;
				COPY_PHASE_STRIP = NO;
				DEBUG_INFORMATION_FORMAT = "dwarf-with-dsym";
				ENABLE_NS_ASSERTIONS = NO;
				ENABLE_STRICT_OBJC_MSGSEND = YES;
				ENABLE_USER_SCRIPT_SANDBOXING = YES;
				GCC_C_LANGUAGE_STANDARD = gnu17;
				GCC_NO_COMMON_BLOCKS = YES;
				GCC_WARN_64_TO_32_BIT_CONVERSION = YES;
				GCC_WARN_ABOUT_RETURN_TYPE = YES_ERROR;
				GCC_WARN_UNDECLARED_SELECTOR = YES;
				GCC_WARN_UNINITIALIZED_AUTOS = YES_AGGRESSIVE;
				GCC_WARN_UNUSED_FUNCTION = YES;
				GCC_WARN_UNUSED_VARIABLE = YES;
				IPHONEOS_DEPLOYMENT_TARGET = 17.0;
				LOCALIZATION_PREFERS_STRING_CATALOGS = YES;
				MTL_ENABLE_DEBUG_INFO = NO;
				MTL_FAST_MATH = YES;
				SDKROOT = iphoneos;
				SWIFT_COMPILATION_MODE = wholemodule;
				VALIDATE_PRODUCT = YES;
			};
			name = Release;
		};
		3E7363182AE7A74C009E4CAB /* Debug */ = {
			isa = XCBuildConfiguration;
			buildSettings = {
				ASSETCATALOG_COMPILER_APPICON_NAME = AppIcon;
				ASSETCATALOG_COMPILER_GLOBAL_ACCENT_COLOR_NAME = AccentColor;
				CODE_SIGN_STYLE = Automatic;
				CURRENT_PROJECT_VERSION = 1;
				DEVELOPMENT_ASSET_PATHS = "\"BookSummarizer/Preview Content\"";
				DEVELOPMENT_TEAM = CLP6HMD426;
				ENABLE_PREVIEWS = YES;
				GENERATE_INFOPLIST_FILE = YES;
				INFOPLIST_KEY_UIApplicationSceneManifest_Generation = YES;
				INFOPLIST_KEY_UIApplicationSupportsIndirectInputEvents = YES;
				INFOPLIST_KEY_UILaunchScreen_Generation = YES;
				INFOPLIST_KEY_UISupportedInterfaceOrientations_iPad = "UIInterfaceOrientationPortrait UIInterfaceOrientationPortraitUpsideDown UIInterfaceOrientationLandscapeLeft UIInterfaceOrientationLandscapeRight";
				INFOPLIST_KEY_UISupportedInterfaceOrientations_iPhone = "UIInterfaceOrientationPortrait UIInterfaceOrientationLandscapeLeft UIInterfaceOrientationLandscapeRight";
				LD_RUNPATH_SEARCH_PATHS = (
					"$(inherited)",
					"@executable_path/Frameworks",
				);
				MARKETING_VERSION = 1.0;
				PRODUCT_BUNDLE_IDENTIFIER = xxx.BookSummarizer;
				PRODUCT_NAME = "$(TARGET_NAME)";
				SWIFT_EMIT_LOC_STRINGS = YES;
				SWIFT_VERSION = 5.0;
				TARGETED_DEVICE_FAMILY = "1,2";
			};
			name = Debug;
		};
		3E7363192AE7A74C009E4CAB /* Release */ = {
			isa = XCBuildConfiguration;
			buildSettings = {
				ASSETCATALOG_COMPILER_APPICON_NAME = AppIcon;
				ASSETCATALOG_COMPILER_GLOBAL_ACCENT_COLOR_NAME = AccentColor;
				CODE_SIGN_STYLE = Automatic;
				CURRENT_PROJECT_VERSION = 1;
				DEVELOPMENT_ASSET_PATHS = "\"BookSummarizer/Preview Content\"";
				DEVELOPMENT_TEAM = CLP6HMD426;
				ENABLE_PREVIEWS = YES;
				GENERATE_INFOPLIST_FILE = YES;
				INFOPLIST_KEY_UIApplicationSceneManifest_Generation = YES;
				INFOPLIST_KEY_UIApplicationSupportsIndirectInputEvents = YES;
				INFOPLIST_KEY_UILaunchScreen_Generation = YES;
				INFOPLIST_KEY_UISupportedInterfaceOrientations_iPad = "UIInterfaceOrientationPortrait UIInterfaceOrientationPortraitUpsideDown UIInterfaceOrientationLandscapeLeft UIInterfaceOrientationLandscapeRight";
				INFOPLIST_KEY_UISupportedInterfaceOrientations_iPhone = "UIInterfaceOrientationPortrait UIInterfaceOrientationLandscapeLeft UIInterfaceOrientationLandscapeRight";
				LD_RUNPATH_SEARCH_PATHS = (
					"$(inherited)",
					"@executable_path/Frameworks",
				);
				MARKETING_VERSION = 1.0;
				PRODUCT_BUNDLE_IDENTIFIER = xxx.BookSummarizer;
				PRODUCT_NAME = "$(TARGET_NAME)";
				SWIFT_EMIT_LOC_STRINGS = YES;
				SWIFT_VERSION = 5.0;
				TARGETED_DEVICE_FAMILY = "1,2";
			};
			name = Release;
		};
		3E73631B2AE7A74C009E4CAB /* Debug */ = {
			isa = XCBuildConfiguration;
			buildSettings = {
				ALWAYS_EMBED_SWIFT_STANDARD_LIBRARIES = YES;
				BUNDLE_LOADER = "$(TEST_HOST)";
				CODE_SIGN_STYLE = Automatic;
				CURRENT_PROJECT_VERSION = 1;
				DEVELOPMENT_TEAM = CLP6HMD426;
				GENERATE_INFOPLIST_FILE = YES;
				IPHONEOS_DEPLOYMENT_TARGET = 17.0;
				MARKETING_VERSION = 1.0;
				PRODUCT_BUNDLE_IDENTIFIER = xxx.BookSummarizerTests;
				PRODUCT_NAME = "$(TARGET_NAME)";
				SWIFT_EMIT_LOC_STRINGS = NO;
				SWIFT_VERSION = 5.0;
				TARGETED_DEVICE_FAMILY = "1,2";
				TEST_HOST = "$(BUILT_PRODUCTS_DIR)/BookSummarizer.app/$(BUNDLE_EXECUTABLE_FOLDER_PATH)/BookSummarizer";
			};
			name = Debug;
		};
		3E73631C2AE7A74C009E4CAB /* Release */ = {
			isa = XCBuildConfiguration;
			buildSettings = {
				ALWAYS_EMBED_SWIFT_STANDARD_LIBRARIES = YES;
				BUNDLE_LOADER = "$(TEST_HOST)";
				CODE_SIGN_STYLE = Automatic;
				CURRENT_PROJECT_VERSION = 1;
				DEVELOPMENT_TEAM = CLP6HMD426;
				GENERATE_INFOPLIST_FILE = YES;
				IPHONEOS_DEPLOYMENT_TARGET = 17.0;
				MARKETING_VERSION = 1.0;
				PRODUCT_BUNDLE_IDENTIFIER = xxx.BookSummarizerTests;
				PRODUCT_NAME = "$(TARGET_NAME)";
				SWIFT_EMIT_LOC_STRINGS = NO;
				SWIFT_VERSION = 5.0;
				TARGETED_DEVICE_FAMILY = "1,2";
				TEST_HOST = "$(BUILT_PRODUCTS_DIR)/BookSummarizer.app/$(BUNDLE_EXECUTABLE_FOLDER_PATH)/BookSummarizer";
			};
			name = Release;
		};
		3E73631E2AE7A74C009E4CAB /* Debug */ = {
			isa = XCBuildConfiguration;
			buildSettings = {
				ALWAYS_EMBED_SWIFT_STANDARD_LIBRARIES = YES;
				CODE_SIGN_STYLE = Automatic;
				CURRENT_PROJECT_VERSION = 1;
				DEVELOPMENT_TEAM = CLP6HMD426;
				GENERATE_INFOPLIST_FILE = YES;
				MARKETING_VERSION = 1.0;
				PRODUCT_BUNDLE_IDENTIFIER = xxx.BookSummarizerUITests;
				PRODUCT_NAME = "$(TARGET_NAME)";
				SWIFT_EMIT_LOC_STRINGS = NO;
				SWIFT_VERSION = 5.0;
				TARGETED_DEVICE_FAMILY = "1,2";
				TEST_TARGET_NAME = BookSummarizer;
			};
			name = Debug;
		};
		3E73631F2AE7A74C009E4CAB /* Release */ = {
			isa = XCBuildConfiguration;
			buildSettings = {
				ALWAYS_EMBED_SWIFT_STANDARD_LIBRARIES = YES;
				CODE_SIGN_STYLE = Automatic;
				CURRENT_PROJECT_VERSION = 1;
				DEVELOPMENT_TEAM = CLP6HMD426;
				GENERATE_INFOPLIST_FILE = YES;
				MARKETING_VERSION = 1.0;
				PRODUCT_BUNDLE_IDENTIFIER = xxx.BookSummarizerUITests;
				PRODUCT_NAME = "$(TARGET_NAME)";
				SWIFT_EMIT_LOC_STRINGS = NO;
				SWIFT_VERSION = 5.0;
				TARGETED_DEVICE_FAMILY = "1,2";
				TEST_TARGET_NAME = BookSummarizer;
			};
			name = Release;
		};
/* End XCBuildConfiguration section */

/* Begin XCConfigurationList section */
		3E7362EE2AE7A74A009E4CAB /* Build configuration list for PBXProject "BookSummarizer" */ = {
			isa = XCConfigurationList;
			buildConfigurations = (
				3E7363152AE7A74C009E4CAB /* Debug */,
				3E7363162AE7A74C009E4CAB /* Release */,
			);
			defaultConfigurationIsVisible = 0;
			defaultConfigurationName = Release;
		};
		3E7363172AE7A74C009E4CAB /* Build configuration list for PBXNativeTarget "BookSummarizer" */ = {
			isa = XCConfigurationList;
			buildConfigurations = (
				3E7363182AE7A74C009E4CAB /* Debug */,
				3E7363192AE7A74C009E4CAB /* Release */,
			);
			defaultConfigurationIsVisible = 0;
			defaultConfigurationName = Release;
		};
		3E73631A2AE7A74C009E4CAB /* Build configuration list for PBXNativeTarget "BookSummarizerTests" */ = {
			isa = XCConfigurationList;
			buildConfigurations = (
				3E73631B2AE7A74C009E4CAB /* Debug */,
				3E73631C2AE7A74C009E4CAB /* Release */,
			);
			defaultConfigurationIsVisible = 0;
			defaultConfigurationName = Release;
		};
		3E73631D2AE7A74C009E4CAB /* Build configuration list for PBXNativeTarget "BookSummarizerUITests" */ = {
			isa = XCConfigurationList;
			buildConfigurations = (
				3E73631E2AE7A74C009E4CAB /* Debug */,
				3E73631F2AE7A74C009E4CAB /* Release */,
			);
			defaultConfigurationIsVisible = 0;
			defaultConfigurationName = Release;
		};
/* End XCConfigurationList section */
	};
	rootObject = 3E7362EB2AE7A74A009E4CAB /* Project object */;
}
